{
    "_readme": [
        "This file locks the dependencies of your project to a known state",
        "Read more about it at https://getcomposer.org/doc/01-basic-usage.md#composer-lock-the-lock-file",
        "This file is @generated automatically"
    ],
    "content-hash": "70e64e657e714e9eb05039ec2cb7589a",
    "packages": [
        {
            "name": "nette/php-generator",
            "version": "v3.1.0",
            "source": {
                "type": "git",
                "url": "https://github.com/nette/php-generator.git",
                "reference": "5cbe10c6d1346b85de82083d248b6dad58edd141"
            },
            "dist": {
                "type": "zip",
                "url": "https://api.github.com/repos/nette/php-generator/zipball/5cbe10c6d1346b85de82083d248b6dad58edd141",
                "reference": "5cbe10c6d1346b85de82083d248b6dad58edd141",
                "shasum": ""
            },
            "require": {
                "nette/utils": "^2.4.2 || ~3.0.0",
                "php": ">=7.1"
            },
            "conflict": {
                "nette/nette": "<2.2"
            },
            "require-dev": {
                "nette/tester": "^2.0",
                "tracy/tracy": "^2.3"
            },
            "type": "library",
            "extra": {
                "branch-alias": {
                    "dev-master": "3.1-dev"
                }
            },
            "autoload": {
                "classmap": [
                    "src/"
                ]
            },
            "notification-url": "https://packagist.org/downloads/",
            "license": [
                "BSD-3-Clause",
                "GPL-2.0",
                "GPL-3.0"
            ],
            "authors": [
                {
                    "name": "David Grudl",
                    "homepage": "https://davidgrudl.com"
                },
                {
                    "name": "Nette Community",
                    "homepage": "https://nette.org/contributors"
                }
            ],
            "description": "🐘 Nette PHP Generator: generates neat PHP code for you. Supports new PHP 7.2 features.",
            "homepage": "https://nette.org",
            "keywords": [
                "code",
                "nette",
                "php",
                "scaffolding"
            ],
            "time": "2017-08-16T15:55:58+00:00"
        },
        {
            "name": "nette/utils",
            "version": "v2.5.1",
            "source": {
                "type": "git",
                "url": "https://github.com/nette/utils.git",
                "reference": "8a85ce76298c8a8941f912b8fa3ee93ca17d2ebc"
            },
            "dist": {
                "type": "zip",
                "url": "https://api.github.com/repos/nette/utils/zipball/8a85ce76298c8a8941f912b8fa3ee93ca17d2ebc",
                "reference": "8a85ce76298c8a8941f912b8fa3ee93ca17d2ebc",
                "shasum": ""
            },
            "require": {
                "php": ">=5.6.0"
            },
            "conflict": {
                "nette/nette": "<2.2"
            },
            "require-dev": {
                "nette/tester": "~2.0",
                "tracy/tracy": "^2.3"
            },
            "suggest": {
                "ext-gd": "to use Image",
                "ext-iconv": "to use Strings::webalize() and toAscii()",
                "ext-intl": "for script transliteration in Strings::webalize() and toAscii()",
                "ext-json": "to use Nette\\Utils\\Json",
                "ext-mbstring": "to use Strings::lower() etc...",
                "ext-xml": "to use Strings::length() etc. when mbstring is not available"
            },
            "type": "library",
            "extra": {
                "branch-alias": {
                    "dev-master": "2.5-dev"
                }
            },
            "autoload": {
                "classmap": [
                    "src/"
                ],
                "files": [
                    "src/loader.php"
                ]
            },
            "notification-url": "https://packagist.org/downloads/",
            "license": [
                "BSD-3-Clause",
                "GPL-2.0",
                "GPL-3.0"
            ],
            "authors": [
                {
                    "name": "David Grudl",
                    "homepage": "https://davidgrudl.com"
                },
                {
                    "name": "Nette Community",
                    "homepage": "https://nette.org/contributors"
                }
            ],
            "description": "🛠 Nette Utils: lightweight utilities for string & array manipulation, image handling, safe JSON encoding/decoding, validation, slug or strong password generating etc.",
            "homepage": "https://nette.org",
            "keywords": [
                "array",
                "core",
                "datetime",
                "images",
                "json",
                "nette",
                "paginator",
                "password",
                "slugify",
                "string",
                "unicode",
                "utf-8",
                "utility",
                "validation"
            ],
            "time": "2018-02-19T14:42:42+00:00"
        },
        {
            "name": "shyim/database-entities-builder",
            "version": "dev-master",
            "source": {
                "type": "git",
                "url": "https://github.com/shyim/DatabaseEntitiesBuilder.git",
                "reference": "87140b6082c89a7d659486248f3e183760bd1da0"
            },
            "dist": {
                "type": "zip",
                "url": "https://api.github.com/repos/shyim/DatabaseEntitiesBuilder/zipball/87140b6082c89a7d659486248f3e183760bd1da0",
                "reference": "87140b6082c89a7d659486248f3e183760bd1da0",
                "shasum": ""
            },
            "require": {
                "doctrine/dbal": "^2.5",
                "nette/php-generator": "^3.1",
                "php": "^7.1"
            },
            "type": "library",
            "autoload": {
                "psr-4": {
                    "Shyim\\DatabaseEntitiesBuilder\\": "src"
                }
            },
            "notification-url": "https://packagist.org/downloads/",
            "license": [
                "MIT"
            ],
            "description": "Generates simple database entities from doctrine mysql schema",
            "homepage": "https://github.com/shyim/DatabaseEntitiesBuilder",
            "keywords": [
                "database",
                "doctrine",
                "models",
                "simple-orm"
            ],
            "time": "2018-03-20T19:41:15+00:00"
        }
    ],
    "packages-dev": [],
    "aliases": [],
    "minimum-stability": "stable",
    "stability-flags": {
        "shyim/database-entities-builder": 20
    },
    "prefer-stable": false,
    "prefer-lowest": false,
    "platform": [],
    "platform-dev": []
}
